// !$*UTF8*$!
{
	archiveVersion = 1;
	classes = {
	};
	objectVersion = 51;
	objects = {

/* Begin PBXBuildFile section */
		1B71D88C261C2FA2003AFCF8 /* GoogleService-Info.plist in Resources */ = {isa = PBXBuildFile; fileRef = 1B71D88B261C2FA2003AFCF8 /* GoogleService-Info.plist */; };
		1B71D89A261C3340003AFCF8 /* LoginViewController.swift in Sources */ = {isa = PBXBuildFile; fileRef = 1B71D899261C3340003AFCF8 /* LoginViewController.swift */; };
		1B71D8A8261DC8F5003AFCF8 /* RegisterViewController.swift in Sources */ = {isa = PBXBuildFile; fileRef = 1B71D8A7261DC8F5003AFCF8 /* RegisterViewController.swift */; };
		1BFA223D261B1DC900040668 /* AppDelegate.swift in Sources */ = {isa = PBXBuildFile; fileRef = 1BFA223C261B1DC900040668 /* AppDelegate.swift */; };
		1BFA223F261B1DC900040668 /* SceneDelegate.swift in Sources */ = {isa = PBXBuildFile; fileRef = 1BFA223E261B1DC900040668 /* SceneDelegate.swift */; };
		1BFA2241261B1DC900040668 /* ViewController.swift in Sources */ = {isa = PBXBuildFile; fileRef = 1BFA2240261B1DC900040668 /* ViewController.swift */; };
		1BFA2244261B1DC900040668 /* Main.storyboard in Resources */ = {isa = PBXBuildFile; fileRef = 1BFA2242261B1DC900040668 /* Main.storyboard */; };
		1BFA2246261B1DCC00040668 /* Assets.xcassets in Resources */ = {isa = PBXBuildFile; fileRef = 1BFA2245261B1DCC00040668 /* Assets.xcassets */; };
		1BFA2249261B1DCC00040668 /* LaunchScreen.storyboard in Resources */ = {isa = PBXBuildFile; fileRef = 1BFA2247261B1DCC00040668 /* LaunchScreen.storyboard */; };
		39F15495914B426E40430DE5 /* Pods_Helpadora.framework in Frameworks */ = {isa = PBXBuildFile; fileRef = E39E0932BD535BB4CC3053A2 /* Pods_Helpadora.framework */; };
/* End PBXBuildFile section */

/* Begin PBXFileReference section */
		1B71D88B261C2FA2003AFCF8 /* GoogleService-Info.plist */ = {isa = PBXFileReference; fileEncoding = 4; lastKnownFileType = text.plist.xml; path = "GoogleService-Info.plist"; sourceTree = "<group>"; };
		1B71D899261C3340003AFCF8 /* LoginViewController.swift */ = {isa = PBXFileReference; lastKnownFileType = sourcecode.swift; path = LoginViewController.swift; sourceTree = "<group>"; };
		1B71D8A7261DC8F5003AFCF8 /* RegisterViewController.swift */ = {isa = PBXFileReference; lastKnownFileType = sourcecode.swift; path = RegisterViewController.swift; sourceTree = "<group>"; };
		1BFA2239261B1DC900040668 /* Helpadora.app */ = {isa = PBXFileReference; explicitFileType = wrapper.application; includeInIndex = 0; path = Helpadora.app; sourceTree = BUILT_PRODUCTS_DIR; };
		1BFA223C261B1DC900040668 /* AppDelegate.swift */ = {isa = PBXFileReference; lastKnownFileType = sourcecode.swift; path = AppDelegate.swift; sourceTree = "<group>"; };
		1BFA223E261B1DC900040668 /* SceneDelegate.swift */ = {isa = PBXFileReference; lastKnownFileType = sourcecode.swift; path = SceneDelegate.swift; sourceTree = "<group>"; };
		1BFA2240261B1DC900040668 /* ViewController.swift */ = {isa = PBXFileReference; lastKnownFileType = sourcecode.swift; path = ViewController.swift; sourceTree = "<group>"; };
		1BFA2243261B1DC900040668 /* Base */ = {isa = PBXFileReference; lastKnownFileType = file.storyboard; name = Base; path = Base.lproj/Main.storyboard; sourceTree = "<group>"; };
		1BFA2245261B1DCC00040668 /* Assets.xcassets */ = {isa = PBXFileReference; lastKnownFileType = folder.assetcatalog; path = Assets.xcassets; sourceTree = "<group>"; };
		1BFA2248261B1DCC00040668 /* Base */ = {isa = PBXFileReference; lastKnownFileType = file.storyboard; name = Base; path = Base.lproj/LaunchScreen.storyboard; sourceTree = "<group>"; };
		1BFA224A261B1DCC00040668 /* Info.plist */ = {isa = PBXFileReference; lastKnownFileType = text.plist.xml; path = Info.plist; sourceTree = "<group>"; };
		7B1B3F93AFF854F90372AB2D /* Pods-Helpadora.debug.xcconfig */ = {isa = PBXFileReference; includeInIndex = 1; lastKnownFileType = text.xcconfig; name = "Pods-Helpadora.debug.xcconfig"; path = "Target Support Files/Pods-Helpadora/Pods-Helpadora.debug.xcconfig"; sourceTree = "<group>"; };
		89C7BE1C687D77661168EA00 /* Pods-Helpadora.release.xcconfig */ = {isa = PBXFileReference; includeInIndex = 1; lastKnownFileType = text.xcconfig; name = "Pods-Helpadora.release.xcconfig"; path = "Target Support Files/Pods-Helpadora/Pods-Helpadora.release.xcconfig"; sourceTree = "<group>"; };
		E39E0932BD535BB4CC3053A2 /* Pods_Helpadora.framework */ = {isa = PBXFileReference; explicitFileType = wrapper.framework; includeInIndex = 0; path = Pods_Helpadora.framework; sourceTree = BUILT_PRODUCTS_DIR; };
/* End PBXFileReference section */

/* Begin PBXFrameworksBuildPhase section */
		1BFA2236261B1DC900040668 /* Frameworks */ = {
			isa = PBXFrameworksBuildPhase;
			buildActionMask = 2147483647;
			files = (
				39F15495914B426E40430DE5 /* Pods_Helpadora.framework in Frameworks */,
			);
			runOnlyForDeploymentPostprocessing = 0;
		};
/* End PBXFrameworksBuildPhase section */

/* Begin PBXGroup section */
		1BFA2230261B1DC900040668 = {
			isa = PBXGroup;
			children = (
				1BFA223B261B1DC900040668 /* Helpadora */,
				1BFA223A261B1DC900040668 /* Products */,
				23B8959596FB60CDE383BBD6 /* Pods */,
				961B81B649797B11AF1015EA /* Frameworks */,
			);
			sourceTree = "<group>";
		};
		1BFA223A261B1DC900040668 /* Products */ = {
			isa = PBXGroup;
			children = (
				1BFA2239261B1DC900040668 /* Helpadora.app */,
			);
			name = Products;
			sourceTree = "<group>";
		};
		1BFA223B261B1DC900040668 /* Helpadora */ = {
			isa = PBXGroup;
			children = (
				1BFA223C261B1DC900040668 /* AppDelegate.swift */,
				1BFA223E261B1DC900040668 /* SceneDelegate.swift */,
				1BFA2240261B1DC900040668 /* ViewController.swift */,
				1B71D899261C3340003AFCF8 /* LoginViewController.swift */,
				1BFA2242261B1DC900040668 /* Main.storyboard */,
				1BFA2245261B1DCC00040668 /* Assets.xcassets */,
				1BFA2247261B1DCC00040668 /* LaunchScreen.storyboard */,
				1BFA224A261B1DCC00040668 /* Info.plist */,
				1B71D88B261C2FA2003AFCF8 /* GoogleService-Info.plist */,
				1B71D8A7261DC8F5003AFCF8 /* RegisterViewController.swift */,
			);
			path = Helpadora;
			sourceTree = "<group>";
		};
		23B8959596FB60CDE383BBD6 /* Pods */ = {
			isa = PBXGroup;
			children = (
				7B1B3F93AFF854F90372AB2D /* Pods-Helpadora.debug.xcconfig */,
				89C7BE1C687D77661168EA00 /* Pods-Helpadora.release.xcconfig */,
			);
			path = Pods;
			sourceTree = "<group>";
		};
		961B81B649797B11AF1015EA /* Frameworks */ = {
			isa = PBXGroup;
			children = (
				E39E0932BD535BB4CC3053A2 /* Pods_Helpadora.framework */,
			);
			name = Frameworks;
			sourceTree = "<group>";
		};
/* End PBXGroup section */

/* Begin PBXNativeTarget section */
		1BFA2238261B1DC900040668 /* Helpadora */ = {
			isa = PBXNativeTarget;
			buildConfigurationList = 1BFA224D261B1DCC00040668 /* Build configuration list for PBXNativeTarget "Helpadora" */;
			buildPhases = (
				FE69586B3B565C6B6883021B /* [CP] Check Pods Manifest.lock */,
				1BFA2235261B1DC900040668 /* Sources */,
				1BFA2236261B1DC900040668 /* Frameworks */,
				1BFA2237261B1DC900040668 /* Resources */,
				135A6587566780EBF56B5ADD /* [CP] Embed Pods Frameworks */,
			);
			buildRules = (
			);
			dependencies = (
			);
			name = Helpadora;
			productName = Helpadora;
			productReference = 1BFA2239261B1DC900040668 /* Helpadora.app */;
			productType = "com.apple.product-type.application";
		};
/* End PBXNativeTarget section */

/* Begin PBXProject section */
		1BFA2231261B1DC900040668 /* Project object */ = {
			isa = PBXProject;
			attributes = {
				LastSwiftUpdateCheck = 1220;
				LastUpgradeCheck = 1220;
				TargetAttributes = {
					1BFA2238261B1DC900040668 = {
						CreatedOnToolsVersion = 12.2;
					};
				};
			};
			buildConfigurationList = 1BFA2234261B1DC900040668 /* Build configuration list for PBXProject "Helpadora" */;
			compatibilityVersion = "Xcode 9.3";
			developmentRegion = en;
			hasScannedForEncodings = 0;
			knownRegions = (
				en,
				Base,
			);
			mainGroup = 1BFA2230261B1DC900040668;
			productRefGroup = 1BFA223A261B1DC900040668 /* Products */;
			projectDirPath = "";
			projectRoot = "";
			targets = (
				1BFA2238261B1DC900040668 /* Helpadora */,
			);
		};
/* End PBXProject section */

/* Begin PBXResourcesBuildPhase section */
		1BFA2237261B1DC900040668 /* Resources */ = {
			isa = PBXResourcesBuildPhase;
			buildActionMask = 2147483647;
			files = (
				1BFA2249261B1DCC00040668 /* LaunchScreen.storyboard in Resources */,
				1B71D88C261C2FA2003AFCF8 /* GoogleService-Info.plist in Resources */,
				1BFA2246261B1DCC00040668 /* Assets.xcassets in Resources */,
				1BFA2244261B1DC900040668 /* Main.storyboard in Resources */,
			);
			runOnlyForDeploymentPostprocessing = 0;
		};
/* End PBXResourcesBuildPhase section */

/* Begin PBXShellScriptBuildPhase section */
		135A6587566780EBF56B5ADD /* [CP] Embed Pods Frameworks */ = {
			isa = PBXShellScriptBuildPhase;
			buildActionMask = 2147483647;
			files = (
			);
			inputFileListPaths = (
				"${PODS_ROOT}/Target Support Files/Pods-Helpadora/Pods-Helpadora-frameworks-${CONFIGURATION}-input-files.xcfilelist",
			);
			name = "[CP] Embed Pods Frameworks";
			outputFileListPaths = (
				"${PODS_ROOT}/Target Support Files/Pods-Helpadora/Pods-Helpadora-frameworks-${CONFIGURATION}-output-files.xcfilelist",
			);
			runOnlyForDeploymentPostprocessing = 0;
			shellPath = /bin/sh;
			shellScript = "\"${PODS_ROOT}/Target Support Files/Pods-Helpadora/Pods-Helpadora-frameworks.sh\"\n";
			showEnvVarsInLog = 0;
		};
		FE69586B3B565C6B6883021B /* [CP] Check Pods Manifest.lock */ = {
			isa = PBXShellScriptBuildPhase;
			buildActionMask = 2147483647;
			files = (
			);
			inputFileListPaths = (
			);
			inputPaths = (
				"${PODS_PODFILE_DIR_PATH}/Podfile.lock",
				"${PODS_ROOT}/Manifest.lock",
			);
			name = "[CP] Check Pods Manifest.lock";
			outputFileListPaths = (
			);
			outputPaths = (
				"$(DERIVED_FILE_DIR)/Pods-Helpadora-checkManifestLockResult.txt",
			);
			runOnlyForDeploymentPostprocessing = 0;
			shellPath = /bin/sh;
			shellScript = "diff \"${PODS_PODFILE_DIR_PATH}/Podfile.lock\" \"${PODS_ROOT}/Manifest.lock\" > /dev/null\nif [ $? != 0 ] ; then\n    # print error to STDERR\n    echo \"error: The sandbox is not in sync with the Podfile.lock. Run 'pod install' or update your CocoaPods installation.\" >&2\n    exit 1\nfi\n# This output is used by Xcode 'outputs' to avoid re-running this script phase.\necho \"SUCCESS\" > \"${SCRIPT_OUTPUT_FILE_0}\"\n";
			showEnvVarsInLog = 0;
		};
/* End PBXShellScriptBuildPhase section */

/* Begin PBXSourcesBuildPhase section */
		1BFA2235261B1DC900040668 /* Sources */ = {
			isa = PBXSourcesBuildPhase;
			buildActionMask = 2147483647;
			files = (
				1B71D89A261C3340003AFCF8 /* LoginViewController.swift in Sources */,
				1B71D8A8261DC8F5003AFCF8 /* RegisterViewController.swift in Sources */,
				1BFA2241261B1DC900040668 /* ViewController.swift in Sources */,
				1BFA223D261B1DC900040668 /* AppDelegate.swift in Sources */,
				1BFA223F261B1DC900040668 /* SceneDelegate.swift in Sources */,
			);
			runOnlyForDeploymentPostprocessing = 0;
		};
/* End PBXSourcesBuildPhase section */

/* Begin PBXVariantGroup section */
		1BFA2242261B1DC900040668 /* Main.storyboard */ = {
			isa = PBXVariantGroup;
			children = (
				1BFA2243261B1DC900040668 /* Base */,
			);
			name = Main.storyboard;
			sourceTree = "<group>";
		};
		1BFA2247261B1DCC00040668 /* LaunchScreen.storyboard */ = {
			isa = PBXVariantGroup;
			children = (
				1BFA2248261B1DCC00040668 /* Base */,
			);
			name = LaunchScreen.storyboard;
			sourceTree = "<group>";
		};
/* End PBXVariantGroup section */

/* Begin XCBuildConfiguration section */
		1BFA224B261B1DCC00040668 /* Debug */ = {
			isa = XCBuildConfiguration;
			buildSettings = {
				ALWAYS_SEARCH_USER_PATHS = NO;
				CLANG_ANALYZER_NONNULL = YES;
				CLANG_ANALYZER_NUMBER_OBJECT_CONVERSION = YES_AGGRESSIVE;
				CLANG_CXX_LANGUAGE_STANDARD = "gnu++14";
				CLANG_CXX_LIBRARY = "libc++";
				CLANG_ENABLE_MODULES = YES;
				CLANG_ENABLE_OBJC_ARC = YES;
				CLANG_ENABLE_OBJC_WEAK = YES;
				CLANG_WARN_BLOCK_CAPTURE_AUTORELEASING = YES;
				CLANG_WARN_BOOL_CONVERSION = YES;
				CLANG_WARN_COMMA = YES;
				CLANG_WARN_CONSTANT_CONVERSION = YES;
				CLANG_WARN_DEPRECATED_OBJC_IMPLEMENTATIONS = YES;
				CLANG_WARN_DIRECT_OBJC_ISA_USAGE = YES_ERROR;
				CLANG_WARN_DOCUMENTATION_COMMENTS = YES;
				CLANG_WARN_EMPTY_BODY = YES;
				CLANG_WARN_ENUM_CONVERSION = YES;
				CLANG_WARN_INFINITE_RECURSION = YES;
				CLANG_WARN_INT_CONVERSION = YES;
				CLANG_WARN_NON_LITERAL_NULL_CONVERSION = YES;
				CLANG_WARN_OBJC_IMPLICIT_RETAIN_SELF = YES;
				CLANG_WARN_OBJC_LITERAL_CONVERSION = YES;
				CLANG_WARN_OBJC_ROOT_CLASS = YES_ERROR;
				CLANG_WARN_QUOTED_INCLUDE_IN_FRAMEWORK_HEADER = YES;
				CLANG_WARN_RANGE_LOOP_ANALYSIS = YES;
				CLANG_WARN_STRICT_PROTOTYPES = YES;
				CLANG_WARN_SUSPICIOUS_MOVE = YES;
				CLANG_WARN_UNGUARDED_AVAILABILITY = YES_AGGRESSIVE;
				CLANG_WARN_UNREACHABLE_CODE = YES;
				CLANG_WARN__DUPLICATE_METHOD_MATCH = YES;
				COPY_PHASE_STRIP = NO;
				DEBUG_INFORMATION_FORMAT = dwarf;
				ENABLE_STRICT_OBJC_MSGSEND = YES;
				ENABLE_TESTABILITY = YES;
				GCC_C_LANGUAGE_STANDARD = gnu11;
				GCC_DYNAMIC_NO_PIC = NO;
				GCC_NO_COMMON_BLOCKS = YES;
				GCC_OPTIMIZATION_LEVEL = 0;
				GCC_PREPROCESSOR_DEFINITIONS = (
					"DEBUG=1",
					"$(inherited)",
				);
				GCC_WARN_64_TO_32_BIT_CONVERSION = YES;
				GCC_WARN_ABOUT_RETURN_TYPE = YES_ERROR;
				GCC_WARN_UNDECLARED_SELECTOR = YES;
				GCC_WARN_UNINITIALIZED_AUTOS = YES_AGGRESSIVE;
				GCC_WARN_UNUSED_FUNCTION = YES;
				GCC_WARN_UNUSED_VARIABLE = YES;
				IPHONEOS_DEPLOYMENT_TARGET = 14.2;
				MTL_ENABLE_DEBUG_INFO = INCLUDE_SOURCE;
				MTL_FAST_MATH = YES;
				ONLY_ACTIVE_ARCH = YES;
				SDKROOT = iphoneos;
				SWIFT_ACTIVE_COMPILATION_CONDITIONS = DEBUG;
				SWIFT_OPTIMIZATION_LEVEL = "-Onone";
			};
			name = Debug;
		};
		1BFA224C261B1DCC00040668 /* Release */ = {
			isa = XCBuildConfiguration;
			buildSettings = {
				ALWAYS_SEARCH_USER_PATHS = NO;
				CLANG_ANALYZER_NONNULL = YES;
				CLANG_ANALYZER_NUMBER_OBJECT_CONVERSION = YES_AGGRESSIVE;
				CLANG_CXX_LANGUAGE_STANDARD = "gnu++14";
				CLANG_CXX_LIBRARY = "libc++";
				CLANG_ENABLE_MODULES = YES;
				CLANG_ENABLE_OBJC_ARC = YES;
				CLANG_ENABLE_OBJC_WEAK = YES;
				CLANG_WARN_BLOCK_CAPTURE_AUTORELEASING = YES;
				CLANG_WARN_BOOL_CONVERSION = YES;
				CLANG_WARN_COMMA = YES;
				CLANG_WARN_CONSTANT_CONVERSION = YES;
				CLANG_WARN_DEPRECATED_OBJC_IMPLEMENTATIONS = YES;
				CLANG_WARN_DIRECT_OBJC_ISA_USAGE = YES_ERROR;
				CLANG_WARN_DOCUMENTATION_COMMENTS = YES;
				CLANG_WARN_EMPTY_BODY = YES;
				CLANG_WARN_ENUM_CONVERSION = YES;
				CLANG_WARN_INFINITE_RECURSION = YES;
				CLANG_WARN_INT_CONVERSION = YES;
				CLANG_WARN_NON_LITERAL_NULL_CONVERSION = YES;
				CLANG_WARN_OBJC_IMPLICIT_RETAIN_SELF = YES;
				CLANG_WARN_OBJC_LITERAL_CONVERSION = YES;
				CLANG_WARN_OBJC_ROOT_CLASS = YES_ERROR;
				CLANG_WARN_QUOTED_INCLUDE_IN_FRAMEWORK_HEADER = YES;
				CLANG_WARN_RANGE_LOOP_ANALYSIS = YES;
				CLANG_WARN_STRICT_PROTOTYPES = YES;
				CLANG_WARN_SUSPICIOUS_MOVE = YES;
				CLANG_WARN_UNGUARDED_AVAILABILITY = YES_AGGRESSIVE;
				CLANG_WARN_UNREACHABLE_CODE = YES;
				CLANG_WARN__DUPLICATE_METHOD_MATCH = YES;
				COPY_PHASE_STRIP = NO;
				DEBUG_INFORMATION_FORMAT = "dwarf-with-dsym";
				ENABLE_NS_ASSERTIONS = NO;
				ENABLE_STRICT_OBJC_MSGSEND = YES;
				GCC_C_LANGUAGE_STANDARD = gnu11;
				GCC_NO_COMMON_BLOCKS = YES;
				GCC_WARN_64_TO_32_BIT_CONVERSION = YES;
				GCC_WARN_ABOUT_RETURN_TYPE = YES_ERROR;
				GCC_WARN_UNDECLARED_SELECTOR = YES;
				GCC_WARN_UNINITIALIZED_AUTOS = YES_AGGRESSIVE;
				GCC_WARN_UNUSED_FUNCTION = YES;
				GCC_WARN_UNUSED_VARIABLE = YES;
				IPHONEOS_DEPLOYMENT_TARGET = 14.2;
				MTL_ENABLE_DEBUG_INFO = NO;
				MTL_FAST_MATH = YES;
				SDKROOT = iphoneos;
				SWIFT_COMPILATION_MODE = wholemodule;
				SWIFT_OPTIMIZATION_LEVEL = "-O";
				VALIDATE_PRODUCT = YES;
			};
			name = Release;
		};
		1BFA224E261B1DCC00040668 /* Debug */ = {
			isa = XCBuildConfiguration;
			baseConfigurationReference = 7B1B3F93AFF854F90372AB2D /* Pods-Helpadora.debug.xcconfig */;
			buildSettings = {
				ASSETCATALOG_COMPILER_APPICON_NAME = AppIcon;
				ASSETCATALOG_COMPILER_GLOBAL_ACCENT_COLOR_NAME = AccentColor;
				CODE_SIGN_STYLE = Automatic;
				DEVELOPMENT_TEAM = PW9993725G;
				INFOPLIST_FILE = Helpadora/Info.plist;
				LD_RUNPATH_SEARCH_PATHS = (
					"$(inherited)",
					"@executable_path/Frameworks",
				);
				PRODUCT_BUNDLE_IDENTIFIER = qasmi.Helpadora;
				PRODUCT_NAME = "$(TARGET_NAME)";
				SWIFT_VERSION = 5.0;
				TARGETED_DEVICE_FAMILY = "1,2";
			};
			name = Debug;
		};
		1BFA224F261B1DCC00040668 /* Release */ = {
			isa = XCBuildConfiguration;
			baseConfigurationReference = 89C7BE1C687D77661168EA00 /* Pods-Helpadora.release.xcconfig */;
			buildSettings = {
				ASSETCATALOG_COMPILER_APPICON_NAME = AppIcon;
				ASSETCATALOG_COMPILER_GLOBAL_ACCENT_COLOR_NAME = AccentColor;
				CODE_SIGN_STYLE = Automatic;
				DEVELOPMENT_TEAM = PW9993725G;
				INFOPLIST_FILE = Helpadora/Info.plist;
				LD_RUNPATH_SEARCH_PATHS = (
					"$(inherited)",
					"@executable_path/Frameworks",
				);
				PRODUCT_BUNDLE_IDENTIFIER = qasmi.Helpadora;
				PRODUCT_NAME = "$(TARGET_NAME)";
				SWIFT_VERSION = 5.0;
				TARGETED_DEVICE_FAMILY = "1,2";
			};
			name = Release;
		};
/* End XCBuildConfiguration section */

/* Begin XCConfigurationList section */
		1BFA2234261B1DC900040668 /* Build configuration list for PBXProject "Helpadora" */ = {
			isa = XCConfigurationList;
			buildConfigurations = (
				1BFA224B261B1DCC00040668 /* Debug */,
				1BFA224C261B1DCC00040668 /* Release */,
			);
			defaultConfigurationIsVisible = 0;
			defaultConfigurationName = Release;
		};
		1BFA224D261B1DCC00040668 /* Build configuration list for PBXNativeTarget "Helpadora" */ = {
			isa = XCConfigurationList;
			buildConfigurations = (
				1BFA224E261B1DCC00040668 /* Debug */,
				1BFA224F261B1DCC00040668 /* Release */,
			);
			defaultConfigurationIsVisible = 0;
			defaultConfigurationName = Release;
		};
/* End XCConfigurationList section */
	};
	rootObject = 1BFA2231261B1DC900040668 /* Project object */;
}
